
Microsoft Visual Studio Solution File, Format Version 12.00
# Visual Studio Version 16
VisualStudioVersion = 16.0.31321.278
MinimumVisualStudioVersion = 10.0.40219.1
Project("{FAE04EC0-301F-11D3-BF4B-00C04F79EFBC}") = "App", "App\App.csproj", "{4236B5E3-4F00-453E-AC7E-90B5794136C3}"
EndProject
Global
	GlobalSection(SolutionConfigurationPlatforms) = preSolution
		Debug|Any CPU = Debug|Any CPU
		Release|Any CPU = Release|Any CPU
	EndGlobalSection
	GlobalSection(ProjectConfigurationPlatforms) = postSolution
		{4236B5E3-4F00-453E-AC7E-90B5794136C3}.Debug|Any CPU.ActiveCfg = Debug|Any CPU
		{4236B5E3-4F00-453E-AC7E-90B5794136C3}.Debug|Any CPU.Build.0 = Debug|Any CPU
		{4236B5E3-4F00-453E-AC7E-90B5794136C3}.Release|Any CPU.ActiveCfg = Release|Any CPU
		{4236B5E3-4F00-453E-AC7E-90B5794136C3}.Release|Any CPU.Build.0 = Release|Any CPU
	EndGlobalSection
	GlobalSection(SolutionProperties) = preSolution
		HideSolutionNode = FALSE
	EndGlobalSection
	GlobalSection(ExtensibilityGlobals) = postSolution
		SolutionGuid = {0190FF62-15B4-4217-A9C7-0711D919872D}
	EndGlobalSection
EndGlobal
